<?xml version="1.0" encoding="utf-8"?>
<Project ToolsVersion="4.0" xmlns="http://schemas.microsoft.com/developer/msbuild/2003">
  <ItemGroup>
    <Filter Include="Исходные файлы">
      <UniqueIdentifier>{4FC737F1-C7A5-4376-A066-2A32D752A2FF}</UniqueIdentifier>
      <Extensions>cpp;c;cc;cxx;c++;cppm;ixx;def;odl;idl;hpj;bat;asm;asmx</Extensions>
    </Filter>
    <Filter Include="Файлы заголовков">
      <UniqueIdentifier>{93995380-89BD-4b04-88EB-625FBE52EBFB}</UniqueIdentifier>
      <Extensions>h;hh;hpp;hxx;h++;hm;inl;inc;ipp;xsd</Extensions>
    </Filter>
    <Filter Include="Файлы ресурсов">
      <UniqueIdentifier>{67DA6AB6-F800-4c08-8B7A-83BB121AAD01}</UniqueIdentifier>
      <Extensions>rc;ico;cur;bmp;dlg;rc2;rct;bin;rgs;gif;jpg;jpeg;jpe;resx;tiff;tif;png;wav;mfcribbon-ms</Extensions>
    </Filter>
  </ItemGroup>
  <ItemGroup>
    <ClCompile Include="DiagnosticSystem.cpp">
      <Filter>Исходные файлы</Filter>
    </ClCompile>
    <ClCompile Include="SimpleDiagnostic.cpp">
      <Filter>Исходные файлы</Filter>
    </ClCompile>
    <ClCompile Include="WeightedDiagnostic.cpp">
      <Filter>Исходные файлы</Filter>
    </ClCompile>
    <ClCompile Include="BayesianDiagnostic.cpp">
      <Filter>Исходные файлы</Filter>
    </ClCompile>
    <ClCompile Include="CriticalSymptomChecker.cpp">
      <Filter>Исходные файлы</Filter>
    </ClCompile>
    <ClCompile Include="EpidemiologicalChecker.cpp">
      <Filter>Исходные файлы</Filter>
    </ClCompile>
    <ClCompile Include="Patient.cpp">
      <Filter>Исходные файлы</Filter>
    </ClCompile>
    <ClCompile Include="RegularPatient.cpp">
      <Filter>Исходные файлы</Filter>
    </ClCompile>
    <ClCompile Include="ChronicPatient.cpp">
      <Filter>Исходные файлы</Filter>
    </ClCompile>
    <ClCompile Include="DiseaseDirectory.cpp">
      <Filter>Исходные файлы</Filter>
    </ClCompile>
    <ClCompile Include="Disease.cpp">
      <Filter>Исходные файлы</Filter>
    </ClCompile>
    <ClCompile Include="SymptomWeight.cpp">
      <Filter>Исходные файлы</Filter>
    </ClCompile>
    <ClCompile Include="Appointment.cpp">
      <Filter>Исходные файлы</Filter>
    </ClCompile>
    <ClCompile Include="DiagnosticEngine.cpp">
      <Filter>Исходные файлы</Filter>
    </ClCompile>
    <ClCompile Include="DiagnosticCacheProxy.cpp">
      <Filter>Исходные файлы</Filter>
    </ClCompile>
    <ClCompile Include="DiagnosisResult.cpp">
      <Filter>Исходные файлы</Filter>
    </ClCompile>
    <ClCompile Include="DiagnosisCandidate.cpp">
      <Filter>Исходные файлы</Filter>
    </ClCompile>
    <ClCompile Include="DiagnosticEngineDirector.cpp">
      <Filter>Исходные файлы</Filter>
    </ClCompile>
    <ClCompile Include="BasicFAPBuilder.cpp">
      <Filter>Исходные файлы</Filter>
    </ClCompile>
    <ClCompile Include="ExperiencedFAPBuilder.cpp">
      <Filter>Исходные файлы</Filter>
    </ClCompile>
    <ClCompile Include="CRBBuilder.cpp">
      <Filter>Исходные файлы</Filter>
    </ClCompile>
    <ClCompile Include="AppointmentState.cpp">
      <Filter>Исходные файлы</Filter>
    </ClCompile>
    <ClCompile Include="AppointmentContext.cpp">
      <Filter>Исходные файлы</Filter>
    </ClCompile>
    <ClCompile Include="RegistrationState.cpp">
      <Filter>Исходные файлы</Filter>
    </ClCompile>
    <ClCompile Include="ExaminationState.cpp">
      <Filter>Исходные файлы</Filter>
    </ClCompile>
    <ClCompile Include="DiagnosisState.cpp">
      <Filter>Исходные файлы</Filter>
    </ClCompile>
    <ClCompile Include="RecommendationState.cpp">
      <Filter>Исходные файлы</Filter>
    </ClCompile>
    <ClCompile Include="CompletedState.cpp">
      <Filter>Исходные файлы</Filter>
    </ClCompile>
    <ClCompile Include="DiagnosisMemento.cpp">
      <Filter>Исходные файлы</Filter>
    </ClCompile>
    <ClCompile Include="DiagnosisHistory.cpp">
      <Filter>Исходные файлы</Filter>
    </ClCompile>
    <ClCompile Include="PatientMonitor.cpp">
      <Filter>Исходные файлы</Filter>
    </ClCompile>
    <ClCompile Include="AlertSystem.cpp">
      <Filter>Исходные файлы</Filter>
    </ClCompile>
    <ClCompile Include="StatisticService.cpp">
      <Filter>Исходные файлы</Filter>
    </ClCompile>
    <ClCompile Include="LoggingService.cpp">
      <Filter>Исходные файлы</Filter>
    </ClCompile>
  </ItemGroup>
  <ItemGroup>
    <ClInclude Include="IDiagnosticAlgorithm.h">
      <Filter>Файлы заголовков</Filter>
    </ClInclude>
    <ClInclude Include="ISymptomChecker.h">
      <Filter>Файлы заголовков</Filter>
    </ClInclude>
    <ClInclude Include="SimpleDiagnostic.h">
      <Filter>Файлы заголовков</Filter>
    </ClInclude>
    <ClInclude Include="WeightedDiagnostic.h">
      <Filter>Файлы заголовков</Filter>
    </ClInclude>
    <ClInclude Include="BayesianDiagnostic.h">
      <Filter>Файлы заголовков</Filter>
    </ClInclude>
    <ClInclude Include="CriticalSymptomChecker.h">
      <Filter>Файлы заголовков</Filter>
    </ClInclude>
    <ClInclude Include="EpidemiologicalChecker.h">
      <Filter>Файлы заголовков</Filter>
    </ClInclude>
    <ClInclude Include="Patient.h">
      <Filter>Файлы заголовков</Filter>
    </ClInclude>
    <ClInclude Include="RegularPatient.h">
      <Filter>Файлы заголовков</Filter>
    </ClInclude>
    <ClInclude Include="ChronicPatient.h">
      <Filter>Файлы заголовков</Filter>
    </ClInclude>
    <ClInclude Include="DiseaseDirectory.h">
      <Filter>Файлы заголовков</Filter>
    </ClInclude>
    <ClInclude Include="Disease.h">
      <Filter>Файлы заголовков</Filter>
    </ClInclude>
    <ClInclude Include="SymptomWeight.h">
      <Filter>Файлы заголовков</Filter>
    </ClInclude>
    <ClInclude Include="Appointment.h">
      <Filter>Файлы заголовков</Filter>
    </ClInclude>
    <ClInclude Include="DiagnosticEngine.h">
      <Filter>Файлы заголовков</Filter>
    </ClInclude>
    <ClInclude Include="DiagnosticCacheProxy.h">
      <Filter>Файлы заголовков</Filter>
    </ClInclude>
    <ClInclude Include="DiagnosisResult.h">
      <Filter>Файлы заголовков</Filter>
    </ClInclude>
    <ClInclude Include="DiagnosisCandidate.h">
      <Filter>Файлы заголовков</Filter>
    </ClInclude>
    <ClInclude Include="IDiagnosticEngineBuilder.h">
      <Filter>Файлы заголовков</Filter>
    </ClInclude>
    <ClInclude Include="DiagnosticEngineDirector.h">
      <Filter>Файлы заголовков</Filter>
    </ClInclude>
    <ClInclude Include="BasicFAPBuilder.h">
      <Filter>Файлы заголовков</Filter>
    </ClInclude>
    <ClInclude Include="ExperiencedFAPBuilder.h">
      <Filter>Файлы заголовков</Filter>
    </ClInclude>
    <ClInclude Include="CRBBuilder.h">
      <Filter>Файлы заголовков</Filter>
    </ClInclude>
    <ClInclude Include="AppointmentState.h">
      <Filter>Файлы заголовков</Filter>
    </ClInclude>
    <ClInclude Include="AppointmentContext.h">
      <Filter>Файлы заголовков</Filter>
    </ClInclude>
    <ClInclude Include="RegistrationState.h">
      <Filter>Файлы заголовков</Filter>
    </ClInclude>
    <ClInclude Include="ExaminationState.h">
      <Filter>Файлы заголовков</Filter>
    </ClInclude>
    <ClInclude Include="DiagnosisState.h">
      <Filter>Файлы заголовков</Filter>
    </ClInclude>
    <ClInclude Include="RecommendationState.h">
      <Filter>Файлы заголовков</Filter>
    </ClInclude>
    <ClInclude Include="CompletedState.h">
      <Filter>Файлы заголовков</Filter>
    </ClInclude>
    <ClInclude Include="DiagnosisMemento.h">
      <Filter>Файлы заголовков</Filter>
    </ClInclude>
    <ClInclude Include="DiagnosisHistory.h">
      <Filter>Файлы заголовков</Filter>
    </ClInclude>
    <ClInclude Include="IObserver.h">
      <Filter>Файлы заголовков</Filter>
    </ClInclude>
    <ClInclude Include="ISubject.h">
      <Filter>Файлы заголовков</Filter>
    </ClInclude>
    <ClInclude Include="PatientMonitor.h">
      <Filter>Файлы заголовков</Filter>
    </ClInclude>
    <ClInclude Include="AlertSystem.h">
      <Filter>Файлы заголовков</Filter>
    </ClInclude>
    <ClInclude Include="StatisticService.h">
      <Filter>Файлы заголовков</Filter>
    </ClInclude>
    <ClInclude Include="LoggingService.h">
      <Filter>Файлы заголовков</Filter>
    </ClInclude>
  </ItemGroup>
</Project>